
Microsoft Visual Studio Solution File, Format Version 12.00
# Visual Studio 2013
VisualStudioVersion = 12.0.31101.0
MinimumVisualStudioVersion = 10.0.40219.1
Project("{CC5FD16D-436D-48AD-A40C-5A424C6E3E79}") = "CrmListenerYammerService", "CrmListenerYammerService\CrmListenerYammerService.ccproj", "{BA07CD1B-6EF3-4C75-AC6A-0A40648C48E7}"
EndProject
Project("{FAE04EC0-301F-11D3-BF4B-00C04F79EFBC}") = "CrmListenerYammerWorkerRole", "CrmListenerYammerWorkerRole\CrmListenerYammerWorkerRole.csproj", "{F2B487DF-4FE9-4E18-87C9-7CED18786CFE}"
EndProject
Global
	GlobalSection(SolutionConfigurationPlatforms) = preSolution
		Debug|Any CPU = Debug|Any CPU
		Release|Any CPU = Release|Any CPU
	EndGlobalSection
	GlobalSection(ProjectConfigurationPlatforms) = postSolution
		{BA07CD1B-6EF3-4C75-AC6A-0A40648C48E7}.Debug|Any CPU.ActiveCfg = Debug|Any CPU
		{BA07CD1B-6EF3-4C75-AC6A-0A40648C48E7}.Debug|Any CPU.Build.0 = Debug|Any CPU
		{BA07CD1B-6EF3-4C75-AC6A-0A40648C48E7}.Release|Any CPU.ActiveCfg = Release|Any CPU
		{BA07CD1B-6EF3-4C75-AC6A-0A40648C48E7}.Release|Any CPU.Build.0 = Release|Any CPU
		{F2B487DF-4FE9-4E18-87C9-7CED18786CFE}.Debug|Any CPU.ActiveCfg = Debug|Any CPU
		{F2B487DF-4FE9-4E18-87C9-7CED18786CFE}.Debug|Any CPU.Build.0 = Debug|Any CPU
		{F2B487DF-4FE9-4E18-87C9-7CED18786CFE}.Release|Any CPU.ActiveCfg = Release|Any CPU
		{F2B487DF-4FE9-4E18-87C9-7CED18786CFE}.Release|Any CPU.Build.0 = Release|Any CPU
	EndGlobalSection
	GlobalSection(SolutionProperties) = preSolution
		HideSolutionNode = FALSE
	EndGlobalSection
EndGlobal
